
Microsoft Visual Studio Solution File, Format Version 12.00
# Visual Studio Version 16
VisualStudioVersion = 16.0.30611.23
MinimumVisualStudioVersion = 10.0.40219.1
Project("{9A19103F-16F7-4668-BE54-9A1E7A4F7556}") = "MvcMovie", "MvcMovie\MvcMovie.csproj", "{12FB91EC-195D-4561-B431-FFD5D231A2D5}"
EndProject
Project("{FAE04EC0-301F-11D3-BF4B-00C04F79EFBC}") = "DataAccess", "DataAccess\DataAccess.csproj", "{874DAF3D-59E3-402D-96F1-88B73E149B57}"
EndProject
Project("{FAE04EC0-301F-11D3-BF4B-00C04F79EFBC}") = "Servcie", "Servcie\Servcie.csproj", "{64846445-A680-4D1D-AE44-9276C0210F88}"
EndProject
Project("{FAE04EC0-301F-11D3-BF4B-00C04F79EFBC}") = "Common", "Common\Common.csproj", "{97ADAB7E-7965-49B3-87BA-09F85E87E332}"
EndProject
Global
	GlobalSection(SolutionConfigurationPlatforms) = preSolution
		Debug|Any CPU = Debug|Any CPU
		Release|Any CPU = Release|Any CPU
	EndGlobalSection
	GlobalSection(ProjectConfigurationPlatforms) = postSolution
		{12FB91EC-195D-4561-B431-FFD5D231A2D5}.Debug|Any CPU.ActiveCfg = Debug|Any CPU
		{12FB91EC-195D-4561-B431-FFD5D231A2D5}.Debug|Any CPU.Build.0 = Debug|Any CPU
		{12FB91EC-195D-4561-B431-FFD5D231A2D5}.Release|Any CPU.ActiveCfg = Release|Any CPU
		{12FB91EC-195D-4561-B431-FFD5D231A2D5}.Release|Any CPU.Build.0 = Release|Any CPU
		{874DAF3D-59E3-402D-96F1-88B73E149B57}.Debug|Any CPU.ActiveCfg = Debug|Any CPU
		{874DAF3D-59E3-402D-96F1-88B73E149B57}.Debug|Any CPU.Build.0 = Debug|Any CPU
		{874DAF3D-59E3-402D-96F1-88B73E149B57}.Release|Any CPU.ActiveCfg = Release|Any CPU
		{874DAF3D-59E3-402D-96F1-88B73E149B57}.Release|Any CPU.Build.0 = Release|Any CPU
		{64846445-A680-4D1D-AE44-9276C0210F88}.Debug|Any CPU.ActiveCfg = Debug|Any CPU
		{64846445-A680-4D1D-AE44-9276C0210F88}.Debug|Any CPU.Build.0 = Debug|Any CPU
		{64846445-A680-4D1D-AE44-9276C0210F88}.Release|Any CPU.ActiveCfg = Release|Any CPU
		{64846445-A680-4D1D-AE44-9276C0210F88}.Release|Any CPU.Build.0 = Release|Any CPU
		{97ADAB7E-7965-49B3-87BA-09F85E87E332}.Debug|Any CPU.ActiveCfg = Debug|Any CPU
		{97ADAB7E-7965-49B3-87BA-09F85E87E332}.Debug|Any CPU.Build.0 = Debug|Any CPU
		{97ADAB7E-7965-49B3-87BA-09F85E87E332}.Release|Any CPU.ActiveCfg = Release|Any CPU
		{97ADAB7E-7965-49B3-87BA-09F85E87E332}.Release|Any CPU.Build.0 = Release|Any CPU
	EndGlobalSection
	GlobalSection(SolutionProperties) = preSolution
		HideSolutionNode = FALSE
	EndGlobalSection
	GlobalSection(ExtensibilityGlobals) = postSolution
		SolutionGuid = {8011F0E1-55DC-4B7A-B9EB-5A84A275EF61}
	EndGlobalSection
EndGlobal
